
Microsoft Visual Studio Solution File, Format Version 12.00
# Visual Studio 14
VisualStudioVersion = 14.0.25420.1
MinimumVisualStudioVersion = 10.0.40219.1
Project("{888888A0-9F3D-457C-B088-3A5042F75D52}") = "AutoPlay", "AutoPlay\AutoPlay.pyproj", "{DEED0F7D-38D1-49B4-A1E7-2693A1A0EF28}"
EndProject
Project("{888888A0-9F3D-457C-B088-3A5042F75D52}") = "IronPythonApplication2", "IronPythonApplication2\IronPythonApplication2.pyproj", "{51B7073C-29CC-4F70-B471-B26C7EFB5F7D}"
EndProject
Global
	GlobalSection(SolutionConfigurationPlatforms) = preSolution
		Debug|Any CPU = Debug|Any CPU
		Release|Any CPU = Release|Any CPU
	EndGlobalSection
	GlobalSection(ProjectConfigurationPlatforms) = postSolution
		{DEED0F7D-38D1-49B4-A1E7-2693A1A0EF28}.Debug|Any CPU.ActiveCfg = Debug|Any CPU
		{DEED0F7D-38D1-49B4-A1E7-2693A1A0EF28}.Release|Any CPU.ActiveCfg = Release|Any CPU
		{51B7073C-29CC-4F70-B471-B26C7EFB5F7D}.Debug|Any CPU.ActiveCfg = Debug|Any CPU
		{51B7073C-29CC-4F70-B471-B26C7EFB5F7D}.Release|Any CPU.ActiveCfg = Release|Any CPU
	EndGlobalSection
	GlobalSection(SolutionProperties) = preSolution
		HideSolutionNode = FALSE
	EndGlobalSection
EndGlobal
